
Microsoft Visual Studio Solution File, Format Version 12.00
# Visual Studio 2017
Project("{FAE04EC0-301F-11D3-BF4B-00C04F79EFBC}") = "Maze_Demo.Plugins", "Maze_Demo.Plugins.csproj", "{9F2964EB-B9CC-4ACC-8CDC-9328286F0ED7}"
EndProject
Project("{FAE04EC0-301F-11D3-BF4B-00C04F79EFBC}") = "Maze_Demo", "Maze_Demo.csproj", "{0001D6CD-DC83-287F-FE96-E8448A0970B2}"
EndProject
Project("{FAE04EC0-301F-11D3-BF4B-00C04F79EFBC}") = "Maze_Demo.Editor.Plugins", "Maze_Demo.Editor.Plugins.csproj", "{92828CB1-E609-78B5-A13B-3BB2A5F70E9A}"
EndProject
Global
	GlobalSection(SolutionConfigurationPlatforms) = preSolution
		Debug|Any CPU = Debug|Any CPU
		Release|Any CPU = Release|Any CPU
	EndGlobalSection
	GlobalSection(ProjectConfigurationPlatforms) = postSolution
		{9F2964EB-B9CC-4ACC-8CDC-9328286F0ED7}.Debug|Any CPU.ActiveCfg = Debug|Any CPU
		{9F2964EB-B9CC-4ACC-8CDC-9328286F0ED7}.Debug|Any CPU.Build.0 = Debug|Any CPU
		{9F2964EB-B9CC-4ACC-8CDC-9328286F0ED7}.Release|Any CPU.ActiveCfg = Release|Any CPU
		{9F2964EB-B9CC-4ACC-8CDC-9328286F0ED7}.Release|Any CPU.Build.0 = Release|Any CPU
		{0001D6CD-DC83-287F-FE96-E8448A0970B2}.Debug|Any CPU.ActiveCfg = Debug|Any CPU
		{0001D6CD-DC83-287F-FE96-E8448A0970B2}.Debug|Any CPU.Build.0 = Debug|Any CPU
		{0001D6CD-DC83-287F-FE96-E8448A0970B2}.Release|Any CPU.ActiveCfg = Release|Any CPU
		{0001D6CD-DC83-287F-FE96-E8448A0970B2}.Release|Any CPU.Build.0 = Release|Any CPU
		{92828CB1-E609-78B5-A13B-3BB2A5F70E9A}.Debug|Any CPU.ActiveCfg = Debug|Any CPU
		{92828CB1-E609-78B5-A13B-3BB2A5F70E9A}.Debug|Any CPU.Build.0 = Debug|Any CPU
		{92828CB1-E609-78B5-A13B-3BB2A5F70E9A}.Release|Any CPU.ActiveCfg = Release|Any CPU
		{92828CB1-E609-78B5-A13B-3BB2A5F70E9A}.Release|Any CPU.Build.0 = Release|Any CPU
	EndGlobalSection
	GlobalSection(SolutionProperties) = preSolution
		HideSolutionNode = FALSE
	EndGlobalSection
EndGlobal
